
Microsoft Visual Studio Solution File, Format Version 12.00
# Visual Studio Version 16
VisualStudioVersion = 16.0.31321.278
MinimumVisualStudioVersion = 10.0.40219.1
Project("{FAE04EC0-301F-11D3-BF4B-00C04F79EFBC}") = "switchTest", "switchTest\switchTest.csproj", "{F8D2E5A6-DCB2-4351-A059-169EF8186D02}"
EndProject
Global
	GlobalSection(SolutionConfigurationPlatforms) = preSolution
		Debug|Any CPU = Debug|Any CPU
		Release|Any CPU = Release|Any CPU
	EndGlobalSection
	GlobalSection(ProjectConfigurationPlatforms) = postSolution
		{F8D2E5A6-DCB2-4351-A059-169EF8186D02}.Debug|Any CPU.ActiveCfg = Debug|Any CPU
		{F8D2E5A6-DCB2-4351-A059-169EF8186D02}.Debug|Any CPU.Build.0 = Debug|Any CPU
		{F8D2E5A6-DCB2-4351-A059-169EF8186D02}.Release|Any CPU.ActiveCfg = Release|Any CPU
		{F8D2E5A6-DCB2-4351-A059-169EF8186D02}.Release|Any CPU.Build.0 = Release|Any CPU
	EndGlobalSection
	GlobalSection(SolutionProperties) = preSolution
		HideSolutionNode = FALSE
	EndGlobalSection
	GlobalSection(ExtensibilityGlobals) = postSolution
		SolutionGuid = {A9AEEA3A-DFC1-41D2-A7DE-145CA5CF196F}
	EndGlobalSection
EndGlobal
